
Microsoft Visual Studio Solution File, Format Version 12.00
# Visual Studio Version 17
VisualStudioVersion = 17.12.35728.132
MinimumVisualStudioVersion = 10.0.40219.1
Project("{FAE04EC0-301F-11D3-BF4B-00C04F79EFBC}") = "TRACKEXPENSES.Server", "TRACKEXPENSES.Server\TRACKEXPENSES.Server.csproj", "{D70C9708-ECDE-42A3-BEE9-E06EE46FD40B}"
EndProject
Project("{54A90642-561A-4BB1-A94E-469ADEE60C69}") = "trackexpenses.client", "trackexpenses.client\trackexpenses.client.esproj", "{58770D06-16C9-4D29-85A0-4DCEB85BABA6}"
EndProject
Global
	GlobalSection(SolutionConfigurationPlatforms) = preSolution
		Debug|Any CPU = Debug|Any CPU
		Release|Any CPU = Release|Any CPU
	EndGlobalSection
	GlobalSection(ProjectConfigurationPlatforms) = postSolution
		{D70C9708-ECDE-42A3-BEE9-E06EE46FD40B}.Debug|Any CPU.ActiveCfg = Debug|Any CPU
		{D70C9708-ECDE-42A3-BEE9-E06EE46FD40B}.Debug|Any CPU.Build.0 = Debug|Any CPU
		{D70C9708-ECDE-42A3-BEE9-E06EE46FD40B}.Release|Any CPU.ActiveCfg = Release|Any CPU
		{D70C9708-ECDE-42A3-BEE9-E06EE46FD40B}.Release|Any CPU.Build.0 = Release|Any CPU
		{58770D06-16C9-4D29-85A0-4DCEB85BABA6}.Debug|Any CPU.ActiveCfg = Debug|Any CPU
		{58770D06-16C9-4D29-85A0-4DCEB85BABA6}.Release|Any CPU.ActiveCfg = Release|Any CPU
		{58770D06-16C9-4D29-85A0-4DCEB85BABA6}.Release|Any CPU.Build.0 = Release|Any CPU
		{58770D06-16C9-4D29-85A0-4DCEB85BABA6}.Release|Any CPU.Deploy.0 = Release|Any CPU
	EndGlobalSection
	GlobalSection(SolutionProperties) = preSolution
		HideSolutionNode = FALSE
	EndGlobalSection
	GlobalSection(ExtensibilityGlobals) = postSolution
		SolutionGuid = {FD6F5F5B-89D0-4571-B4FA-60C0CBED8E35}
	EndGlobalSection
EndGlobal
