
Microsoft Visual Studio Solution File, Format Version 12.00
# Visual Studio Version 17
VisualStudioVersion = 17.9.34723.18
MinimumVisualStudioVersion = 10.0.40219.1
Project("{9A19103F-16F7-4668-BE54-9A1E7A4F7556}") = "TrackExpenses", "TrackExpenses.csproj", "{62D582CB-DDCA-4922-A02B-3FE76A1F35B5}"
EndProject
Project("{2150E333-8FDC-42A3-9474-1A3956D46DE8}") = "Solution Items", "Solution Items", "{98DFF1F3-D3D9-4F11-9693-AFA3629467B8}"
EndProject
Global
	GlobalSection(SolutionConfigurationPlatforms) = preSolution
		Debug|Any CPU = Debug|Any CPU
		Release|Any CPU = Release|Any CPU
	EndGlobalSection
	GlobalSection(ProjectConfigurationPlatforms) = postSolution
		{62D582CB-DDCA-4922-A02B-3FE76A1F35B5}.Debug|Any CPU.ActiveCfg = Debug|Any CPU
		{62D582CB-DDCA-4922-A02B-3FE76A1F35B5}.Debug|Any CPU.Build.0 = Debug|Any CPU
		{62D582CB-DDCA-4922-A02B-3FE76A1F35B5}.Release|Any CPU.ActiveCfg = Release|Any CPU
		{62D582CB-DDCA-4922-A02B-3FE76A1F35B5}.Release|Any CPU.Build.0 = Release|Any CPU
	EndGlobalSection
	GlobalSection(SolutionProperties) = preSolution
		HideSolutionNode = FALSE
	EndGlobalSection
	GlobalSection(ExtensibilityGlobals) = postSolution
		SolutionGuid = {9D3756E8-4524-407F-AD76-FBED74BD0276}
	EndGlobalSection
EndGlobal
